
Microsoft Visual Studio Solution File, Format Version 12.00
# Visual Studio Version 17
VisualStudioVersion = 17.1.32414.318
MinimumVisualStudioVersion = 10.0.40219.1
Project("{2150E333-8FDC-42A3-9474-1A3956D46DE8}") = "Services", "Services", "{D3B0DE95-CDE0-4D34-B95F-D9507FFE4251}"
EndProject
Project("{2150E333-8FDC-42A3-9474-1A3956D46DE8}") = "Catalog", "Catalog", "{DD39472D-0952-4039-8B01-ADD9529524D5}"
EndProject
Project("{9A19103F-16F7-4668-BE54-9A1E7A4F7556}") = "Catalog.API", "Services\Catalog\Catalog.API\Catalog.API.csproj", "{AA339704-0DE0-4A56-850C-F51DF021A4F0}"
EndProject
Project("{E53339B2-1760-4266-BCC7-CA923CBCF16C}") = "docker-compose", "docker-compose.dcproj", "{4BF19713-E58F-4A5C-BDE8-4F220A5EFCCE}"
EndProject
Project("{2150E333-8FDC-42A3-9474-1A3956D46DE8}") = "Basket", "Basket", "{563E2B1E-E896-4BD1-80BA-4B4E8A198A12}"
EndProject
Project("{FAE04EC0-301F-11D3-BF4B-00C04F79EFBC}") = "Basket.API", "Services\Basket\Basket.API\Basket.API.csproj", "{4F9EE855-883A-444B-8AE1-CA5ED933ADFA}"
EndProject
Global
	GlobalSection(SolutionConfigurationPlatforms) = preSolution
		Debug|Any CPU = Debug|Any CPU
		Release|Any CPU = Release|Any CPU
	EndGlobalSection
	GlobalSection(ProjectConfigurationPlatforms) = postSolution
		{AA339704-0DE0-4A56-850C-F51DF021A4F0}.Debug|Any CPU.ActiveCfg = Debug|Any CPU
		{AA339704-0DE0-4A56-850C-F51DF021A4F0}.Debug|Any CPU.Build.0 = Debug|Any CPU
		{AA339704-0DE0-4A56-850C-F51DF021A4F0}.Release|Any CPU.ActiveCfg = Release|Any CPU
		{AA339704-0DE0-4A56-850C-F51DF021A4F0}.Release|Any CPU.Build.0 = Release|Any CPU
		{4BF19713-E58F-4A5C-BDE8-4F220A5EFCCE}.Debug|Any CPU.ActiveCfg = Debug|Any CPU
		{4BF19713-E58F-4A5C-BDE8-4F220A5EFCCE}.Debug|Any CPU.Build.0 = Debug|Any CPU
		{4BF19713-E58F-4A5C-BDE8-4F220A5EFCCE}.Release|Any CPU.ActiveCfg = Release|Any CPU
		{4BF19713-E58F-4A5C-BDE8-4F220A5EFCCE}.Release|Any CPU.Build.0 = Release|Any CPU
		{4F9EE855-883A-444B-8AE1-CA5ED933ADFA}.Debug|Any CPU.ActiveCfg = Debug|Any CPU
		{4F9EE855-883A-444B-8AE1-CA5ED933ADFA}.Debug|Any CPU.Build.0 = Debug|Any CPU
		{4F9EE855-883A-444B-8AE1-CA5ED933ADFA}.Release|Any CPU.ActiveCfg = Release|Any CPU
		{4F9EE855-883A-444B-8AE1-CA5ED933ADFA}.Release|Any CPU.Build.0 = Release|Any CPU
	EndGlobalSection
	GlobalSection(SolutionProperties) = preSolution
		HideSolutionNode = FALSE
	EndGlobalSection
	GlobalSection(NestedProjects) = preSolution
		{DD39472D-0952-4039-8B01-ADD9529524D5} = {D3B0DE95-CDE0-4D34-B95F-D9507FFE4251}
		{AA339704-0DE0-4A56-850C-F51DF021A4F0} = {DD39472D-0952-4039-8B01-ADD9529524D5}
		{563E2B1E-E896-4BD1-80BA-4B4E8A198A12} = {D3B0DE95-CDE0-4D34-B95F-D9507FFE4251}
		{4F9EE855-883A-444B-8AE1-CA5ED933ADFA} = {563E2B1E-E896-4BD1-80BA-4B4E8A198A12}
	EndGlobalSection
	GlobalSection(ExtensibilityGlobals) = postSolution
		SolutionGuid = {3A550E27-F63F-409D-8191-547FD54CDD24}
	EndGlobalSection
EndGlobal
